
Microsoft Visual Studio Solution File, Format Version 12.00
# Visual Studio Version 16
VisualStudioVersion = 16.0.29926.136
MinimumVisualStudioVersion = 10.0.40219.1
Project("{9A19103F-16F7-4668-BE54-9A1E7A4F7556}") = "AkvelonTask", "AkvelonTask\AkvelonTask.csproj", "{34BAB3A8-6E6C-4E7E-B490-34EFC5908B95}"
EndProject
Project("{2150E333-8FDC-42A3-9474-1A3956D46DE8}") = "SolutionItems", "SolutionItems", "{547E32CD-A707-48AA-B2CE-986AA616B2DC}"
	ProjectSection(SolutionItems) = preProject
		..\Akvelon task.txt = ..\Akvelon task.txt
		..\clean-with-scc.bat = ..\clean-with-scc.bat
	EndProjectSection
EndProject
Global
	GlobalSection(SolutionConfigurationPlatforms) = preSolution
		Debug|Any CPU = Debug|Any CPU
		Release|Any CPU = Release|Any CPU
	EndGlobalSection
	GlobalSection(ProjectConfigurationPlatforms) = postSolution
		{34BAB3A8-6E6C-4E7E-B490-34EFC5908B95}.Debug|Any CPU.ActiveCfg = Debug|Any CPU
		{34BAB3A8-6E6C-4E7E-B490-34EFC5908B95}.Debug|Any CPU.Build.0 = Debug|Any CPU
		{34BAB3A8-6E6C-4E7E-B490-34EFC5908B95}.Release|Any CPU.ActiveCfg = Release|Any CPU
		{34BAB3A8-6E6C-4E7E-B490-34EFC5908B95}.Release|Any CPU.Build.0 = Release|Any CPU
	EndGlobalSection
	GlobalSection(SolutionProperties) = preSolution
		HideSolutionNode = FALSE
	EndGlobalSection
	GlobalSection(ExtensibilityGlobals) = postSolution
		SolutionGuid = {8AC68FE6-9764-4B23-8FB3-73C043CAEC3E}
	EndGlobalSection
EndGlobal
