
Microsoft Visual Studio Solution File, Format Version 12.00
# Visual Studio Version 17
VisualStudioVersion = 17.10.35201.131
MinimumVisualStudioVersion = 10.0.40219.1
Project("{FAE04EC0-301F-11D3-BF4B-00C04F79EFBC}") = "CouchDb.Client", "CouchDb.Client\CouchDb.Client.csproj", "{F635D537-3044-44F1-B404-E1BD1059365E}"
EndProject
Project("{FAE04EC0-301F-11D3-BF4B-00C04F79EFBC}") = "Common", "Common\Common.csproj", "{2C83EE79-5D9B-442D-BF1A-097FE41A21C9}"
EndProject
Global
	GlobalSection(SolutionConfigurationPlatforms) = preSolution
		Debug|Any CPU = Debug|Any CPU
		Release|Any CPU = Release|Any CPU
	EndGlobalSection
	GlobalSection(ProjectConfigurationPlatforms) = postSolution
		{F635D537-3044-44F1-B404-E1BD1059365E}.Debug|Any CPU.ActiveCfg = Debug|Any CPU
		{F635D537-3044-44F1-B404-E1BD1059365E}.Debug|Any CPU.Build.0 = Debug|Any CPU
		{F635D537-3044-44F1-B404-E1BD1059365E}.Release|Any CPU.ActiveCfg = Release|Any CPU
		{F635D537-3044-44F1-B404-E1BD1059365E}.Release|Any CPU.Build.0 = Release|Any CPU
		{2C83EE79-5D9B-442D-BF1A-097FE41A21C9}.Debug|Any CPU.ActiveCfg = Debug|Any CPU
		{2C83EE79-5D9B-442D-BF1A-097FE41A21C9}.Debug|Any CPU.Build.0 = Debug|Any CPU
		{2C83EE79-5D9B-442D-BF1A-097FE41A21C9}.Release|Any CPU.ActiveCfg = Release|Any CPU
		{2C83EE79-5D9B-442D-BF1A-097FE41A21C9}.Release|Any CPU.Build.0 = Release|Any CPU
	EndGlobalSection
	GlobalSection(SolutionProperties) = preSolution
		HideSolutionNode = FALSE
	EndGlobalSection
	GlobalSection(ExtensibilityGlobals) = postSolution
		SolutionGuid = {9F47BC33-7012-4072-B385-D8F95E6673B4}
	EndGlobalSection
EndGlobal
