
Microsoft Visual Studio Solution File, Format Version 12.00
# Visual Studio 15
VisualStudioVersion = 15.0.26730.16
MinimumVisualStudioVersion = 10.0.40219.1
Project("{FAE04EC0-301F-11D3-BF4B-00C04F79EFBC}") = "AppointmentReminder", "AppointmentReminder\AppointmentReminder.csproj", "{D0E9F7BA-E4F4-4791-86DF-4BBB32D1988A}"
EndProject
Project("{FAE04EC0-301F-11D3-BF4B-00C04F79EFBC}") = "Sandbox", "Sandbox\Sandbox.csproj", "{8D85009C-E290-4BB3-89F2-0D327A1A1855}"
EndProject
Project("{2150E333-8FDC-42A3-9474-1A3956D46DE8}") = "SolutionItems", "SolutionItems", "{84B3A8B6-DD1F-4C4D-9F6C-223D528C6631}"
	ProjectSection(SolutionItems) = preProject
		Twilio_White_Paper_Building_HIPAA_Compliant_Chat.pdf = Twilio_White_Paper_Building_HIPAA_Compliant_Chat.pdf
	EndProjectSection
EndProject
Global
	GlobalSection(SolutionConfigurationPlatforms) = preSolution
		Debug|Any CPU = Debug|Any CPU
		Release|Any CPU = Release|Any CPU
	EndGlobalSection
	GlobalSection(ProjectConfigurationPlatforms) = postSolution
		{D0E9F7BA-E4F4-4791-86DF-4BBB32D1988A}.Debug|Any CPU.ActiveCfg = Debug|Any CPU
		{D0E9F7BA-E4F4-4791-86DF-4BBB32D1988A}.Debug|Any CPU.Build.0 = Debug|Any CPU
		{D0E9F7BA-E4F4-4791-86DF-4BBB32D1988A}.Release|Any CPU.ActiveCfg = Release|Any CPU
		{D0E9F7BA-E4F4-4791-86DF-4BBB32D1988A}.Release|Any CPU.Build.0 = Release|Any CPU
		{8D85009C-E290-4BB3-89F2-0D327A1A1855}.Debug|Any CPU.ActiveCfg = Debug|Any CPU
		{8D85009C-E290-4BB3-89F2-0D327A1A1855}.Debug|Any CPU.Build.0 = Debug|Any CPU
		{8D85009C-E290-4BB3-89F2-0D327A1A1855}.Release|Any CPU.ActiveCfg = Release|Any CPU
		{8D85009C-E290-4BB3-89F2-0D327A1A1855}.Release|Any CPU.Build.0 = Release|Any CPU
	EndGlobalSection
	GlobalSection(SolutionProperties) = preSolution
		HideSolutionNode = FALSE
	EndGlobalSection
	GlobalSection(ExtensibilityGlobals) = postSolution
		SolutionGuid = {EEAEA8F4-1A3F-4015-9AB4-0D6B0A0B3C4B}
	EndGlobalSection
EndGlobal
