
Microsoft Visual Studio Solution File, Format Version 11.00
# Visual Studio 2010
Project("{FAE04EC0-301F-11D3-BF4B-00C04F79EFBC}") = "1ToolbarSample", "ToolbarSample\1ToolbarSample.csproj", "{F322A48F-9891-4DF6-B09D-CBBFFE60D401}"
EndProject
Project("{FAE04EC0-301F-11D3-BF4B-00C04F79EFBC}") = "2ToolBarTrays", "ToolBarTrays\2ToolBarTrays.csproj", "{586BBB51-D683-45BA-8EA0-32018E483D63}"
EndProject
Project("{FAE04EC0-301F-11D3-BF4B-00C04F79EFBC}") = "3StatusBar", "StatusBar\3StatusBar.csproj", "{6514D7DE-B74B-4895-A776-28D6999869ED}"
EndProject
Global
	GlobalSection(SolutionConfigurationPlatforms) = preSolution
		Debug|x86 = Debug|x86
		Release|x86 = Release|x86
	EndGlobalSection
	GlobalSection(ProjectConfigurationPlatforms) = postSolution
		{F322A48F-9891-4DF6-B09D-CBBFFE60D401}.Debug|x86.ActiveCfg = Debug|x86
		{F322A48F-9891-4DF6-B09D-CBBFFE60D401}.Debug|x86.Build.0 = Debug|x86
		{F322A48F-9891-4DF6-B09D-CBBFFE60D401}.Release|x86.ActiveCfg = Release|x86
		{F322A48F-9891-4DF6-B09D-CBBFFE60D401}.Release|x86.Build.0 = Release|x86
		{586BBB51-D683-45BA-8EA0-32018E483D63}.Debug|x86.ActiveCfg = Debug|x86
		{586BBB51-D683-45BA-8EA0-32018E483D63}.Debug|x86.Build.0 = Debug|x86
		{586BBB51-D683-45BA-8EA0-32018E483D63}.Release|x86.ActiveCfg = Release|x86
		{586BBB51-D683-45BA-8EA0-32018E483D63}.Release|x86.Build.0 = Release|x86
		{6514D7DE-B74B-4895-A776-28D6999869ED}.Debug|x86.ActiveCfg = Debug|x86
		{6514D7DE-B74B-4895-A776-28D6999869ED}.Debug|x86.Build.0 = Debug|x86
		{6514D7DE-B74B-4895-A776-28D6999869ED}.Release|x86.ActiveCfg = Release|x86
		{6514D7DE-B74B-4895-A776-28D6999869ED}.Release|x86.Build.0 = Release|x86
	EndGlobalSection
	GlobalSection(SolutionProperties) = preSolution
		HideSolutionNode = FALSE
	EndGlobalSection
EndGlobal
