
Microsoft Visual Studio Solution File, Format Version 12.00
# Visual Studio 15
VisualStudioVersion = 15.0.27004.2008
MinimumVisualStudioVersion = 10.0.40219.1
Project("{FAE04EC0-301F-11D3-BF4B-00C04F79EFBC}") = "CinemaSchedule", "CinemaSchedule\CinemaSchedule.csproj", "{A1D2CF11-B4DE-4A5B-8FC1-9D4A3BB0FCDA}"
EndProject
Project("{FAE04EC0-301F-11D3-BF4B-00C04F79EFBC}") = "CinemaSchedule.DataBase", "CinemaSchedule.DataBase\CinemaSchedule.DataBase.csproj", "{5143E361-6E51-4031-9017-A75CA664CD45}"
EndProject
Project("{FAE04EC0-301F-11D3-BF4B-00C04F79EFBC}") = "CinemaSchedule.BusinessLogic", "CinemaSchedule.BusinessLogic\CinemaSchedule.BusinessLogic.csproj", "{6ABBD3AD-4557-4893-9D23-A2E3409F6A2B}"
EndProject
Project("{2150E333-8FDC-42A3-9474-1A3956D46DE8}") = "SolutionItems", "SolutionItems", "{69BBB1E4-7D35-4A4B-9712-12FB031B4E31}"
	ProjectSection(SolutionItems) = preProject
		.gitattributes = .gitattributes
		.gitignore = .gitignore
		clean-with-scc.bat = clean-with-scc.bat
		Migration commands.txt = Migration commands.txt
		TT.eml = TT.eml
	EndProjectSection
EndProject
Project("{9A19103F-16F7-4668-BE54-9A1E7A4F7556}") = "CinemaScheduleV2", "CinemaScheduleV2\CinemaScheduleV2.csproj", "{0C1B1663-DAC5-4269-9BA1-9CE0C3C68C03}"
EndProject
Project("{9A19103F-16F7-4668-BE54-9A1E7A4F7556}") = "CinemaScheduleV2.Contracts", "CinemaScheduleV2.Contracts\CinemaScheduleV2.Contracts.csproj", "{E1C2A590-0D65-400B-B932-603B7FBFB1A8}"
EndProject
Project("{FAE04EC0-301F-11D3-BF4B-00C04F79EFBC}") = "CinemaScheduleV2.Tests", "CinemaScheduleV2.Tests\CinemaScheduleV2.Tests.csproj", "{B145E37F-0DEC-4766-B130-F2C4FC1A375C}"
EndProject
Global
	GlobalSection(SolutionConfigurationPlatforms) = preSolution
		Debug|Any CPU = Debug|Any CPU
		Release|Any CPU = Release|Any CPU
	EndGlobalSection
	GlobalSection(ProjectConfigurationPlatforms) = postSolution
		{A1D2CF11-B4DE-4A5B-8FC1-9D4A3BB0FCDA}.Debug|Any CPU.ActiveCfg = Debug|Any CPU
		{A1D2CF11-B4DE-4A5B-8FC1-9D4A3BB0FCDA}.Debug|Any CPU.Build.0 = Debug|Any CPU
		{A1D2CF11-B4DE-4A5B-8FC1-9D4A3BB0FCDA}.Release|Any CPU.ActiveCfg = Release|Any CPU
		{A1D2CF11-B4DE-4A5B-8FC1-9D4A3BB0FCDA}.Release|Any CPU.Build.0 = Release|Any CPU
		{5143E361-6E51-4031-9017-A75CA664CD45}.Debug|Any CPU.ActiveCfg = Debug|Any CPU
		{5143E361-6E51-4031-9017-A75CA664CD45}.Debug|Any CPU.Build.0 = Debug|Any CPU
		{5143E361-6E51-4031-9017-A75CA664CD45}.Release|Any CPU.ActiveCfg = Release|Any CPU
		{5143E361-6E51-4031-9017-A75CA664CD45}.Release|Any CPU.Build.0 = Release|Any CPU
		{6ABBD3AD-4557-4893-9D23-A2E3409F6A2B}.Debug|Any CPU.ActiveCfg = Debug|Any CPU
		{6ABBD3AD-4557-4893-9D23-A2E3409F6A2B}.Debug|Any CPU.Build.0 = Debug|Any CPU
		{6ABBD3AD-4557-4893-9D23-A2E3409F6A2B}.Release|Any CPU.ActiveCfg = Release|Any CPU
		{6ABBD3AD-4557-4893-9D23-A2E3409F6A2B}.Release|Any CPU.Build.0 = Release|Any CPU
		{0C1B1663-DAC5-4269-9BA1-9CE0C3C68C03}.Debug|Any CPU.ActiveCfg = Debug|Any CPU
		{0C1B1663-DAC5-4269-9BA1-9CE0C3C68C03}.Debug|Any CPU.Build.0 = Debug|Any CPU
		{0C1B1663-DAC5-4269-9BA1-9CE0C3C68C03}.Release|Any CPU.ActiveCfg = Release|Any CPU
		{0C1B1663-DAC5-4269-9BA1-9CE0C3C68C03}.Release|Any CPU.Build.0 = Release|Any CPU
		{E1C2A590-0D65-400B-B932-603B7FBFB1A8}.Debug|Any CPU.ActiveCfg = Debug|Any CPU
		{E1C2A590-0D65-400B-B932-603B7FBFB1A8}.Debug|Any CPU.Build.0 = Debug|Any CPU
		{E1C2A590-0D65-400B-B932-603B7FBFB1A8}.Release|Any CPU.ActiveCfg = Release|Any CPU
		{E1C2A590-0D65-400B-B932-603B7FBFB1A8}.Release|Any CPU.Build.0 = Release|Any CPU
		{B145E37F-0DEC-4766-B130-F2C4FC1A375C}.Debug|Any CPU.ActiveCfg = Debug|Any CPU
		{B145E37F-0DEC-4766-B130-F2C4FC1A375C}.Debug|Any CPU.Build.0 = Debug|Any CPU
		{B145E37F-0DEC-4766-B130-F2C4FC1A375C}.Release|Any CPU.ActiveCfg = Release|Any CPU
		{B145E37F-0DEC-4766-B130-F2C4FC1A375C}.Release|Any CPU.Build.0 = Release|Any CPU
	EndGlobalSection
	GlobalSection(SolutionProperties) = preSolution
		HideSolutionNode = FALSE
	EndGlobalSection
	GlobalSection(ExtensibilityGlobals) = postSolution
		SolutionGuid = {5E78EE46-7E29-4702-B62B-A719DACE4356}
	EndGlobalSection
EndGlobal
