
Microsoft Visual Studio Solution File, Format Version 12.00
# Visual Studio Version 16
VisualStudioVersion = 16.0.29418.71
MinimumVisualStudioVersion = 10.0.40219.1
Project("{9A19103F-16F7-4668-BE54-9A1E7A4F7556}") = "Sandbox", "Sandbox\Sandbox.csproj", "{A2B61D0F-C860-4D18-ACF4-F308840F923A}"
EndProject
Project("{9A19103F-16F7-4668-BE54-9A1E7A4F7556}") = "ApiClients", "ApiClients\ApiClients.csproj", "{2AE72A98-4493-4765-BFA2-D052CBAC5839}"
EndProject
Project("{9A19103F-16F7-4668-BE54-9A1E7A4F7556}") = "Common", "Common\Common.csproj", "{1B3F851F-4C67-4FF5-91A2-04332141B867}"
EndProject
Project("{2150E333-8FDC-42A3-9474-1A3956D46DE8}") = "Tests", "Tests", "{A46344FD-A7F4-4FE6-8E90-2A99DC14ED0F}"
EndProject
Project("{2150E333-8FDC-42A3-9474-1A3956D46DE8}") = "SolutionItems", "SolutionItems", "{7170D0BB-ECE5-451F-B218-9A68C005D9F6}"
	ProjectSection(SolutionItems) = preProject
		..\.gitattributes = ..\.gitattributes
		..\.gitignore = ..\.gitignore
		..\clean-with-scc.bat = ..\clean-with-scc.bat
		..\LICENSE = ..\LICENSE
		..\README.md = ..\README.md
	EndProjectSection
EndProject
Project("{9A19103F-16F7-4668-BE54-9A1E7A4F7556}") = "UnitTests", "UnitTests\UnitTests.csproj", "{75559BAE-B31F-4456-A3CD-FD50C4BC2D5F}"
EndProject
Global
	GlobalSection(SolutionConfigurationPlatforms) = preSolution
		Debug|Any CPU = Debug|Any CPU
		Release|Any CPU = Release|Any CPU
	EndGlobalSection
	GlobalSection(ProjectConfigurationPlatforms) = postSolution
		{A2B61D0F-C860-4D18-ACF4-F308840F923A}.Debug|Any CPU.ActiveCfg = Debug|Any CPU
		{A2B61D0F-C860-4D18-ACF4-F308840F923A}.Debug|Any CPU.Build.0 = Debug|Any CPU
		{A2B61D0F-C860-4D18-ACF4-F308840F923A}.Release|Any CPU.ActiveCfg = Release|Any CPU
		{A2B61D0F-C860-4D18-ACF4-F308840F923A}.Release|Any CPU.Build.0 = Release|Any CPU
		{2AE72A98-4493-4765-BFA2-D052CBAC5839}.Debug|Any CPU.ActiveCfg = Debug|Any CPU
		{2AE72A98-4493-4765-BFA2-D052CBAC5839}.Debug|Any CPU.Build.0 = Debug|Any CPU
		{2AE72A98-4493-4765-BFA2-D052CBAC5839}.Release|Any CPU.ActiveCfg = Release|Any CPU
		{2AE72A98-4493-4765-BFA2-D052CBAC5839}.Release|Any CPU.Build.0 = Release|Any CPU
		{1B3F851F-4C67-4FF5-91A2-04332141B867}.Debug|Any CPU.ActiveCfg = Debug|Any CPU
		{1B3F851F-4C67-4FF5-91A2-04332141B867}.Debug|Any CPU.Build.0 = Debug|Any CPU
		{1B3F851F-4C67-4FF5-91A2-04332141B867}.Release|Any CPU.ActiveCfg = Release|Any CPU
		{1B3F851F-4C67-4FF5-91A2-04332141B867}.Release|Any CPU.Build.0 = Release|Any CPU
		{75559BAE-B31F-4456-A3CD-FD50C4BC2D5F}.Debug|Any CPU.ActiveCfg = Debug|Any CPU
		{75559BAE-B31F-4456-A3CD-FD50C4BC2D5F}.Debug|Any CPU.Build.0 = Debug|Any CPU
		{75559BAE-B31F-4456-A3CD-FD50C4BC2D5F}.Release|Any CPU.ActiveCfg = Release|Any CPU
		{75559BAE-B31F-4456-A3CD-FD50C4BC2D5F}.Release|Any CPU.Build.0 = Release|Any CPU
	EndGlobalSection
	GlobalSection(SolutionProperties) = preSolution
		HideSolutionNode = FALSE
	EndGlobalSection
	GlobalSection(NestedProjects) = preSolution
		{A2B61D0F-C860-4D18-ACF4-F308840F923A} = {A46344FD-A7F4-4FE6-8E90-2A99DC14ED0F}
		{75559BAE-B31F-4456-A3CD-FD50C4BC2D5F} = {A46344FD-A7F4-4FE6-8E90-2A99DC14ED0F}
	EndGlobalSection
	GlobalSection(ExtensibilityGlobals) = postSolution
		SolutionGuid = {BC7F1D81-9AF1-4E56-A770-AAD851EB0509}
	EndGlobalSection
EndGlobal
