
Microsoft Visual Studio Solution File, Format Version 11.00
# Visual Studio 2010
Project("{FAE04EC0-301F-11D3-BF4B-00C04F79EFBC}") = "1BindNotControl", "BindNotControl\1BindNotControl.csproj", "{9C79BB34-D0A5-4647-A8C6-073C353A7FCD}"
EndProject
Project("{FAE04EC0-301F-11D3-BF4B-00C04F79EFBC}") = "2RelativeSourceSample", "RelativeSourceSample\2RelativeSourceSample.csproj", "{CDEDAC7E-1337-4569-B306-B5ACFFC3DFF6}"
EndProject
Project("{FAE04EC0-301F-11D3-BF4B-00C04F79EFBC}") = "3DataContextSample", "DataContextSample\3DataContextSample.csproj", "{1A90BED7-0D9B-4947-A02A-169F9BDB985B}"
EndProject
Global
	GlobalSection(SolutionConfigurationPlatforms) = preSolution
		Debug|x86 = Debug|x86
		Release|x86 = Release|x86
	EndGlobalSection
	GlobalSection(ProjectConfigurationPlatforms) = postSolution
		{9C79BB34-D0A5-4647-A8C6-073C353A7FCD}.Debug|x86.ActiveCfg = Debug|x86
		{9C79BB34-D0A5-4647-A8C6-073C353A7FCD}.Debug|x86.Build.0 = Debug|x86
		{9C79BB34-D0A5-4647-A8C6-073C353A7FCD}.Release|x86.ActiveCfg = Release|x86
		{9C79BB34-D0A5-4647-A8C6-073C353A7FCD}.Release|x86.Build.0 = Release|x86
		{CDEDAC7E-1337-4569-B306-B5ACFFC3DFF6}.Debug|x86.ActiveCfg = Debug|x86
		{CDEDAC7E-1337-4569-B306-B5ACFFC3DFF6}.Debug|x86.Build.0 = Debug|x86
		{CDEDAC7E-1337-4569-B306-B5ACFFC3DFF6}.Release|x86.ActiveCfg = Release|x86
		{CDEDAC7E-1337-4569-B306-B5ACFFC3DFF6}.Release|x86.Build.0 = Release|x86
		{1A90BED7-0D9B-4947-A02A-169F9BDB985B}.Debug|x86.ActiveCfg = Debug|x86
		{1A90BED7-0D9B-4947-A02A-169F9BDB985B}.Debug|x86.Build.0 = Debug|x86
		{1A90BED7-0D9B-4947-A02A-169F9BDB985B}.Release|x86.ActiveCfg = Release|x86
		{1A90BED7-0D9B-4947-A02A-169F9BDB985B}.Release|x86.Build.0 = Release|x86
	EndGlobalSection
	GlobalSection(SolutionProperties) = preSolution
		HideSolutionNode = FALSE
	EndGlobalSection
EndGlobal
