
Microsoft Visual Studio Solution File, Format Version 12.00
# Visual Studio Version 17
VisualStudioVersion = 17.5.33627.172
MinimumVisualStudioVersion = 10.0.40219.1
Project("{9A19103F-16F7-4668-BE54-9A1E7A4F7556}") = "Sandbox", "Sandbox\Sandbox.csproj", "{54AF17A4-BA64-448C-B515-C8670D67D98D}"
EndProject
Project("{2150E333-8FDC-42A3-9474-1A3956D46DE8}") = "Solution Items", "Solution Items", "{D84408AF-09F3-437E-A816-70C63EC5F290}"
	ProjectSection(SolutionItems) = preProject
		.editorconfig = .editorconfig
		..\clean-with-scc.bat = ..\clean-with-scc.bat
		..\Notes.txt = ..\Notes.txt
	EndProjectSection
EndProject
Project("{2150E333-8FDC-42A3-9474-1A3956D46DE8}") = "Tests", "Tests", "{E8656B08-0225-42D1-A97A-6CA385AEBD26}"
EndProject
Project("{9A19103F-16F7-4668-BE54-9A1E7A4F7556}") = "Common", "Common\Common.csproj", "{4BF39C17-3833-4EA4-8F64-45EDEFD78A72}"
EndProject
Project("{9A19103F-16F7-4668-BE54-9A1E7A4F7556}") = "ApiClients", "ApiClients\ApiClients.csproj", "{B9D7AC35-AE68-4FC1-824D-241A7DB6DE7F}"
EndProject
Project("{9A19103F-16F7-4668-BE54-9A1E7A4F7556}") = "ApiClientsHttp", "ApiClients.Http\ApiClientsHttp.csproj", "{AF6D95B4-7057-4CE4-AB11-890302813CF4}"
EndProject
Global
	GlobalSection(SolutionConfigurationPlatforms) = preSolution
		Debug|Any CPU = Debug|Any CPU
		Release|Any CPU = Release|Any CPU
	EndGlobalSection
	GlobalSection(ProjectConfigurationPlatforms) = postSolution
		{54AF17A4-BA64-448C-B515-C8670D67D98D}.Debug|Any CPU.ActiveCfg = Debug|Any CPU
		{54AF17A4-BA64-448C-B515-C8670D67D98D}.Debug|Any CPU.Build.0 = Debug|Any CPU
		{54AF17A4-BA64-448C-B515-C8670D67D98D}.Release|Any CPU.ActiveCfg = Release|Any CPU
		{54AF17A4-BA64-448C-B515-C8670D67D98D}.Release|Any CPU.Build.0 = Release|Any CPU
		{4BF39C17-3833-4EA4-8F64-45EDEFD78A72}.Debug|Any CPU.ActiveCfg = Debug|Any CPU
		{4BF39C17-3833-4EA4-8F64-45EDEFD78A72}.Debug|Any CPU.Build.0 = Debug|Any CPU
		{4BF39C17-3833-4EA4-8F64-45EDEFD78A72}.Release|Any CPU.ActiveCfg = Release|Any CPU
		{4BF39C17-3833-4EA4-8F64-45EDEFD78A72}.Release|Any CPU.Build.0 = Release|Any CPU
		{B9D7AC35-AE68-4FC1-824D-241A7DB6DE7F}.Debug|Any CPU.ActiveCfg = Debug|Any CPU
		{B9D7AC35-AE68-4FC1-824D-241A7DB6DE7F}.Debug|Any CPU.Build.0 = Debug|Any CPU
		{B9D7AC35-AE68-4FC1-824D-241A7DB6DE7F}.Release|Any CPU.ActiveCfg = Release|Any CPU
		{B9D7AC35-AE68-4FC1-824D-241A7DB6DE7F}.Release|Any CPU.Build.0 = Release|Any CPU
		{AF6D95B4-7057-4CE4-AB11-890302813CF4}.Debug|Any CPU.ActiveCfg = Debug|Any CPU
		{AF6D95B4-7057-4CE4-AB11-890302813CF4}.Debug|Any CPU.Build.0 = Debug|Any CPU
		{AF6D95B4-7057-4CE4-AB11-890302813CF4}.Release|Any CPU.ActiveCfg = Release|Any CPU
		{AF6D95B4-7057-4CE4-AB11-890302813CF4}.Release|Any CPU.Build.0 = Release|Any CPU
	EndGlobalSection
	GlobalSection(SolutionProperties) = preSolution
		HideSolutionNode = FALSE
	EndGlobalSection
	GlobalSection(NestedProjects) = preSolution
		{54AF17A4-BA64-448C-B515-C8670D67D98D} = {E8656B08-0225-42D1-A97A-6CA385AEBD26}
	EndGlobalSection
	GlobalSection(ExtensibilityGlobals) = postSolution
		SolutionGuid = {3A453241-4E89-458A-9D5C-5B70B84795F5}
	EndGlobalSection
EndGlobal
