
Microsoft Visual Studio Solution File, Format Version 12.00
# Visual Studio Version 16
VisualStudioVersion = 16.0.29519.87
MinimumVisualStudioVersion = 10.0.40219.1
Project("{FAE04EC0-301F-11D3-BF4B-00C04F79EFBC}") = "CodeForces", "CodeForces\CodeForces.csproj", "{B50A49EB-5A87-4087-86F3-7F3D5A73BE4C}"
EndProject
Project("{FAE04EC0-301F-11D3-BF4B-00C04F79EFBC}") = "WebApiTest", "WebApiTest\WebApiTest.csproj", "{E8CD0D3B-2350-41D8-8E39-EC8183C89D7A}"
EndProject
Project("{FAE04EC0-301F-11D3-BF4B-00C04F79EFBC}") = "Utils.Updater", "Utils.Updater\Utils.Updater.csproj", "{AA223DBD-D1ED-448F-8972-C31F7B9918B3}"
EndProject
Project("{2150E333-8FDC-42A3-9474-1A3956D46DE8}") = "Utils", "Utils", "{EE875200-69A5-46B3-95AE-66E945C4B1AE}"
EndProject
Project("{FAE04EC0-301F-11D3-BF4B-00C04F79EFBC}") = "Utils.Common", "Utils.Common\Utils.Common.csproj", "{41707897-AB87-4F45-BC57-0C1F2D1DC4A8}"
EndProject
Project("{FAE04EC0-301F-11D3-BF4B-00C04F79EFBC}") = "Utils.CheckSumCalculator", "Utils.CheckSumCalculator\Utils.CheckSumCalculator.csproj", "{46575EA1-7E81-4B7D-9D29-F1A55202D40F}"
EndProject
Project("{2150E333-8FDC-42A3-9474-1A3956D46DE8}") = "Snippets", "Snippets", "{5883FC0E-F43F-47A4-9EB3-8FAE05300ABD}"
EndProject
Project("{FAE04EC0-301F-11D3-BF4B-00C04F79EFBC}") = "Utils.VersionExtractor", "Utils.VersionExtractor\Utils.VersionExtractor.csproj", "{E85B1257-2FE7-458F-B83E-A68A48584016}"
EndProject
Project("{FAE04EC0-301F-11D3-BF4B-00C04F79EFBC}") = "Katana", "Katana\Katana.csproj", "{D768E010-E994-4C21-B6CC-100E7F9DFC42}"
EndProject
Project("{2150E333-8FDC-42A3-9474-1A3956D46DE8}") = "SolutionItems", "SolutionItems", "{F8B0EED7-4D81-4881-8729-C7AA8B9AE948}"
	ProjectSection(SolutionItems) = preProject
		.gitattributes = .gitattributes
		.gitignore = .gitignore
		clean-with-scc.bat = clean-with-scc.bat
		..\UpdaterAbilities.txt = ..\UpdaterAbilities.txt
	EndProjectSection
EndProject
Project("{9A19103F-16F7-4668-BE54-9A1E7A4F7556}") = "GrpcService", "GrpcService\GrpcService.csproj", "{1590FD67-9F63-444C-9982-7925015EFDC3}"
EndProject
Project("{2150E333-8FDC-42A3-9474-1A3956D46DE8}") = "Grpc", "Grpc", "{B64559E3-761D-497D-99B1-A0BE99F0C6B4}"
EndProject
Project("{9A19103F-16F7-4668-BE54-9A1E7A4F7556}") = "GrpcClient", "GrpcClient\GrpcClient.csproj", "{B6300044-59F2-4872-A810-EAB8B84892E6}"
EndProject
Global
	GlobalSection(SolutionConfigurationPlatforms) = preSolution
		Debug|Any CPU = Debug|Any CPU
		Release 4.0|Any CPU = Release 4.0|Any CPU
		Release|Any CPU = Release|Any CPU
	EndGlobalSection
	GlobalSection(ProjectConfigurationPlatforms) = postSolution
		{B50A49EB-5A87-4087-86F3-7F3D5A73BE4C}.Debug|Any CPU.ActiveCfg = Debug|Any CPU
		{B50A49EB-5A87-4087-86F3-7F3D5A73BE4C}.Debug|Any CPU.Build.0 = Debug|Any CPU
		{B50A49EB-5A87-4087-86F3-7F3D5A73BE4C}.Release 4.0|Any CPU.ActiveCfg = Release|Any CPU
		{B50A49EB-5A87-4087-86F3-7F3D5A73BE4C}.Release 4.0|Any CPU.Build.0 = Release|Any CPU
		{B50A49EB-5A87-4087-86F3-7F3D5A73BE4C}.Release|Any CPU.ActiveCfg = Release|Any CPU
		{B50A49EB-5A87-4087-86F3-7F3D5A73BE4C}.Release|Any CPU.Build.0 = Release|Any CPU
		{E8CD0D3B-2350-41D8-8E39-EC8183C89D7A}.Debug|Any CPU.ActiveCfg = Debug|Any CPU
		{E8CD0D3B-2350-41D8-8E39-EC8183C89D7A}.Debug|Any CPU.Build.0 = Debug|Any CPU
		{E8CD0D3B-2350-41D8-8E39-EC8183C89D7A}.Release 4.0|Any CPU.ActiveCfg = Release|Any CPU
		{E8CD0D3B-2350-41D8-8E39-EC8183C89D7A}.Release 4.0|Any CPU.Build.0 = Release|Any CPU
		{E8CD0D3B-2350-41D8-8E39-EC8183C89D7A}.Release|Any CPU.ActiveCfg = Release|Any CPU
		{E8CD0D3B-2350-41D8-8E39-EC8183C89D7A}.Release|Any CPU.Build.0 = Release|Any CPU
		{AA223DBD-D1ED-448F-8972-C31F7B9918B3}.Debug|Any CPU.ActiveCfg = Debug|Any CPU
		{AA223DBD-D1ED-448F-8972-C31F7B9918B3}.Debug|Any CPU.Build.0 = Debug|Any CPU
		{AA223DBD-D1ED-448F-8972-C31F7B9918B3}.Release 4.0|Any CPU.ActiveCfg = Release|Any CPU
		{AA223DBD-D1ED-448F-8972-C31F7B9918B3}.Release 4.0|Any CPU.Build.0 = Release|Any CPU
		{AA223DBD-D1ED-448F-8972-C31F7B9918B3}.Release|Any CPU.ActiveCfg = Release|Any CPU
		{AA223DBD-D1ED-448F-8972-C31F7B9918B3}.Release|Any CPU.Build.0 = Release|Any CPU
		{41707897-AB87-4F45-BC57-0C1F2D1DC4A8}.Debug|Any CPU.ActiveCfg = Debug|Any CPU
		{41707897-AB87-4F45-BC57-0C1F2D1DC4A8}.Debug|Any CPU.Build.0 = Debug|Any CPU
		{41707897-AB87-4F45-BC57-0C1F2D1DC4A8}.Release 4.0|Any CPU.ActiveCfg = Release|Any CPU
		{41707897-AB87-4F45-BC57-0C1F2D1DC4A8}.Release 4.0|Any CPU.Build.0 = Release|Any CPU
		{41707897-AB87-4F45-BC57-0C1F2D1DC4A8}.Release|Any CPU.ActiveCfg = Release|Any CPU
		{41707897-AB87-4F45-BC57-0C1F2D1DC4A8}.Release|Any CPU.Build.0 = Release|Any CPU
		{46575EA1-7E81-4B7D-9D29-F1A55202D40F}.Debug|Any CPU.ActiveCfg = Debug|Any CPU
		{46575EA1-7E81-4B7D-9D29-F1A55202D40F}.Debug|Any CPU.Build.0 = Debug|Any CPU
		{46575EA1-7E81-4B7D-9D29-F1A55202D40F}.Release 4.0|Any CPU.ActiveCfg = Release|Any CPU
		{46575EA1-7E81-4B7D-9D29-F1A55202D40F}.Release 4.0|Any CPU.Build.0 = Release|Any CPU
		{46575EA1-7E81-4B7D-9D29-F1A55202D40F}.Release|Any CPU.ActiveCfg = Release|Any CPU
		{46575EA1-7E81-4B7D-9D29-F1A55202D40F}.Release|Any CPU.Build.0 = Release|Any CPU
		{E85B1257-2FE7-458F-B83E-A68A48584016}.Debug|Any CPU.ActiveCfg = Debug|Any CPU
		{E85B1257-2FE7-458F-B83E-A68A48584016}.Debug|Any CPU.Build.0 = Debug|Any CPU
		{E85B1257-2FE7-458F-B83E-A68A48584016}.Release 4.0|Any CPU.ActiveCfg = Release|Any CPU
		{E85B1257-2FE7-458F-B83E-A68A48584016}.Release 4.0|Any CPU.Build.0 = Release|Any CPU
		{E85B1257-2FE7-458F-B83E-A68A48584016}.Release|Any CPU.ActiveCfg = Release|Any CPU
		{E85B1257-2FE7-458F-B83E-A68A48584016}.Release|Any CPU.Build.0 = Release|Any CPU
		{D768E010-E994-4C21-B6CC-100E7F9DFC42}.Debug|Any CPU.ActiveCfg = Debug|Any CPU
		{D768E010-E994-4C21-B6CC-100E7F9DFC42}.Debug|Any CPU.Build.0 = Debug|Any CPU
		{D768E010-E994-4C21-B6CC-100E7F9DFC42}.Release 4.0|Any CPU.ActiveCfg = Release|Any CPU
		{D768E010-E994-4C21-B6CC-100E7F9DFC42}.Release 4.0|Any CPU.Build.0 = Release|Any CPU
		{D768E010-E994-4C21-B6CC-100E7F9DFC42}.Release|Any CPU.ActiveCfg = Release|Any CPU
		{D768E010-E994-4C21-B6CC-100E7F9DFC42}.Release|Any CPU.Build.0 = Release|Any CPU
		{1590FD67-9F63-444C-9982-7925015EFDC3}.Debug|Any CPU.ActiveCfg = Debug|Any CPU
		{1590FD67-9F63-444C-9982-7925015EFDC3}.Debug|Any CPU.Build.0 = Debug|Any CPU
		{1590FD67-9F63-444C-9982-7925015EFDC3}.Release 4.0|Any CPU.ActiveCfg = Release|Any CPU
		{1590FD67-9F63-444C-9982-7925015EFDC3}.Release 4.0|Any CPU.Build.0 = Release|Any CPU
		{1590FD67-9F63-444C-9982-7925015EFDC3}.Release|Any CPU.ActiveCfg = Release|Any CPU
		{1590FD67-9F63-444C-9982-7925015EFDC3}.Release|Any CPU.Build.0 = Release|Any CPU
		{B6300044-59F2-4872-A810-EAB8B84892E6}.Debug|Any CPU.ActiveCfg = Debug|Any CPU
		{B6300044-59F2-4872-A810-EAB8B84892E6}.Debug|Any CPU.Build.0 = Debug|Any CPU
		{B6300044-59F2-4872-A810-EAB8B84892E6}.Release 4.0|Any CPU.ActiveCfg = Release|Any CPU
		{B6300044-59F2-4872-A810-EAB8B84892E6}.Release 4.0|Any CPU.Build.0 = Release|Any CPU
		{B6300044-59F2-4872-A810-EAB8B84892E6}.Release|Any CPU.ActiveCfg = Release|Any CPU
		{B6300044-59F2-4872-A810-EAB8B84892E6}.Release|Any CPU.Build.0 = Release|Any CPU
	EndGlobalSection
	GlobalSection(SolutionProperties) = preSolution
		HideSolutionNode = FALSE
	EndGlobalSection
	GlobalSection(NestedProjects) = preSolution
		{E8CD0D3B-2350-41D8-8E39-EC8183C89D7A} = {5883FC0E-F43F-47A4-9EB3-8FAE05300ABD}
		{AA223DBD-D1ED-448F-8972-C31F7B9918B3} = {EE875200-69A5-46B3-95AE-66E945C4B1AE}
		{41707897-AB87-4F45-BC57-0C1F2D1DC4A8} = {EE875200-69A5-46B3-95AE-66E945C4B1AE}
		{46575EA1-7E81-4B7D-9D29-F1A55202D40F} = {EE875200-69A5-46B3-95AE-66E945C4B1AE}
		{E85B1257-2FE7-458F-B83E-A68A48584016} = {EE875200-69A5-46B3-95AE-66E945C4B1AE}
		{D768E010-E994-4C21-B6CC-100E7F9DFC42} = {5883FC0E-F43F-47A4-9EB3-8FAE05300ABD}
		{1590FD67-9F63-444C-9982-7925015EFDC3} = {B64559E3-761D-497D-99B1-A0BE99F0C6B4}
		{B64559E3-761D-497D-99B1-A0BE99F0C6B4} = {5883FC0E-F43F-47A4-9EB3-8FAE05300ABD}
		{B6300044-59F2-4872-A810-EAB8B84892E6} = {B64559E3-761D-497D-99B1-A0BE99F0C6B4}
	EndGlobalSection
	GlobalSection(ExtensibilityGlobals) = postSolution
		SolutionGuid = {7057EFD9-C712-42E5-9266-34DAB3D5F868}
	EndGlobalSection
EndGlobal
