
Microsoft Visual Studio Solution File, Format Version 12.00
# Visual Studio 2013
VisualStudioVersion = 12.0.30110.0
MinimumVisualStudioVersion = 10.0.40219.1
Project("{FAE04EC0-301F-11D3-BF4B-00C04F79EFBC}") = "FaceActions", "FlashTest\FaceActions.csproj", "{A6EEA01B-88D3-4541-BA03-0862E1FF60AD}"
EndProject
Global
	GlobalSection(SolutionConfigurationPlatforms) = preSolution
		Debug|Any CPU = Debug|Any CPU
		Release|Any CPU = Release|Any CPU
	EndGlobalSection
	GlobalSection(ProjectConfigurationPlatforms) = postSolution
		{A6EEA01B-88D3-4541-BA03-0862E1FF60AD}.Debug|Any CPU.ActiveCfg = Debug|Any CPU
		{A6EEA01B-88D3-4541-BA03-0862E1FF60AD}.Debug|Any CPU.Build.0 = Debug|Any CPU
		{A6EEA01B-88D3-4541-BA03-0862E1FF60AD}.Release|Any CPU.ActiveCfg = Release|Any CPU
		{A6EEA01B-88D3-4541-BA03-0862E1FF60AD}.Release|Any CPU.Build.0 = Release|Any CPU
	EndGlobalSection
	GlobalSection(SolutionProperties) = preSolution
		HideSolutionNode = FALSE
	EndGlobalSection
EndGlobal
